// !$*UTF8*$!
{
	archiveVersion = 1;
	classes = {
	};
	objectVersion = 46;
	objects = {

/* Begin PBXBuildFile section */
		CB075A4D1B3B7A24001385C1 /* Test_Connection2VC.swift in Sources */ = {isa = PBXBuildFile; fileRef = CB075A4C1B3B7A24001385C1 /* Test_Connection2VC.swift */; };
		CB0EB6771B39ECBC000851A7 /* MenteeAdditionalInfoViewController.swift in Sources */ = {isa = PBXBuildFile; fileRef = CB0EB6731B39ECBC000851A7 /* MenteeAdditionalInfoViewController.swift */; };
		CB0EB6781B39ECBC000851A7 /* MenteeMentorSearchViewController.swift in Sources */ = {isa = PBXBuildFile; fileRef = CB0EB6741B39ECBC000851A7 /* MenteeMentorSearchViewController.swift */; };
		CB0EB6791B39ECBC000851A7 /* MenteeSignUpTableViewCell.swift in Sources */ = {isa = PBXBuildFile; fileRef = CB0EB6751B39ECBC000851A7 /* MenteeSignUpTableViewCell.swift */; };
		CB0EB67A1B39ECBC000851A7 /* MenteeSignUpTableViewController.swift in Sources */ = {isa = PBXBuildFile; fileRef = CB0EB6761B39ECBC000851A7 /* MenteeSignUpTableViewController.swift */; };
		CB0EE3FF1B46E0FD00CDF664 /* QuartzCore.framework in Frameworks */ = {isa = PBXBuildFile; fileRef = CB0EE3FE1B46E0FD00CDF664 /* QuartzCore.framework */; };
		CB0EE4061B46E13B00CDF664 /* QuartzCore.framework in Frameworks */ = {isa = PBXBuildFile; fileRef = CB0EE4011B46E13B00CDF664 /* QuartzCore.framework */; };
		CB0EE4071B46E13B00CDF664 /* Foundation.framework in Frameworks */ = {isa = PBXBuildFile; fileRef = CB0EE4021B46E13B00CDF664 /* Foundation.framework */; };
		CB0EE4081B46E13B00CDF664 /* CoreGraphics.framework in Frameworks */ = {isa = PBXBuildFile; fileRef = CB0EE4031B46E13B00CDF664 /* CoreGraphics.framework */; };
		CB0EE4091B46E13B00CDF664 /* UIKit.framework in Frameworks */ = {isa = PBXBuildFile; fileRef = CB0EE4041B46E13B00CDF664 /* UIKit.framework */; };
		CB0EE40A1B46E13B00CDF664 /* XCTest.framework in Frameworks */ = {isa = PBXBuildFile; fileRef = CB0EE4051B46E13B00CDF664 /* XCTest.framework */; };
		CB64B43D1B47269500F37A7B /* FirstPageVC.swift in Sources */ = {isa = PBXBuildFile; fileRef = CB64B43C1B47269500F37A7B /* FirstPageVC.swift */; };
		CBF1EC041B3B33A600EC6C0F /* Test_ConnectionVC.swift in Sources */ = {isa = PBXBuildFile; fileRef = CBF1EC031B3B33A600EC6C0F /* Test_ConnectionVC.swift */; };
		E162BD5B1B28A51900968EE0 /* AppDelegate.swift in Sources */ = {isa = PBXBuildFile; fileRef = E162BD5A1B28A51900968EE0 /* AppDelegate.swift */; };
		E162BD601B28A51900968EE0 /* Main.storyboard in Resources */ = {isa = PBXBuildFile; fileRef = E162BD5E1B28A51900968EE0 /* Main.storyboard */; };
		E162BD621B28A51900968EE0 /* Images.xcassets in Resources */ = {isa = PBXBuildFile; fileRef = E162BD611B28A51900968EE0 /* Images.xcassets */; };
		E162BD651B28A51900968EE0 /* LaunchScreen.xib in Resources */ = {isa = PBXBuildFile; fileRef = E162BD631B28A51900968EE0 /* LaunchScreen.xib */; };
		E162BD711B28A51900968EE0 /* Mentormee_ver2_0Tests.swift in Sources */ = {isa = PBXBuildFile; fileRef = E162BD701B28A51900968EE0 /* Mentormee_ver2_0Tests.swift */; };
		E162BD7B1B28A59600968EE0 /* HomeScreenVC.swift in Sources */ = {isa = PBXBuildFile; fileRef = E162BD7A1B28A59600968EE0 /* HomeScreenVC.swift */; };
		E162BD7D1B28A9E300968EE0 /* LoginVC.swift in Sources */ = {isa = PBXBuildFile; fileRef = E162BD7C1B28A9E300968EE0 /* LoginVC.swift */; };
		E162BD851B2A2C2300968EE0 /* UpdateProfileVC.swift in Sources */ = {isa = PBXBuildFile; fileRef = E162BD841B2A2C2300968EE0 /* UpdateProfileVC.swift */; };
		E162BD891B2B81D500968EE0 /* DetailUpdateTVC.swift in Sources */ = {isa = PBXBuildFile; fileRef = E162BD881B2B81D500968EE0 /* DetailUpdateTVC.swift */; };
		E162BD8B1B2B908400968EE0 /* StaticTablesVC.swift in Sources */ = {isa = PBXBuildFile; fileRef = E162BD8A1B2B908400968EE0 /* StaticTablesVC.swift */; };
		E162BD8D1B2CC7E200968EE0 /* NamePictureVC.swift in Sources */ = {isa = PBXBuildFile; fileRef = E162BD8C1B2CC7E200968EE0 /* NamePictureVC.swift */; };
		E162BD911B309BD300968EE0 /* PublicProfileVC.swift in Sources */ = {isa = PBXBuildFile; fileRef = E162BD901B309BD300968EE0 /* PublicProfileVC.swift */; };
		E162BD931B30C03500968EE0 /* MenteeViewVC.swift in Sources */ = {isa = PBXBuildFile; fileRef = E162BD921B30C03500968EE0 /* MenteeViewVC.swift */; };
		E1E1D4E81B4AF3E300C9D010 /* MentorUserDataSearchController.swift in Sources */ = {isa = PBXBuildFile; fileRef = E1E1D4E71B4AF3E300C9D010 /* MentorUserDataSearchController.swift */; };
/* End PBXBuildFile section */

/* Begin PBXContainerItemProxy section */
		E162BD6B1B28A51900968EE0 /* PBXContainerItemProxy */ = {
			isa = PBXContainerItemProxy;
			containerPortal = E162BD4D1B28A51900968EE0 /* Project object */;
			proxyType = 1;
			remoteGlobalIDString = E162BD541B28A51900968EE0;
			remoteInfo = Mentormee_ver2.0;
		};
/* End PBXContainerItemProxy section */

/* Begin PBXFileReference section */
		CB075A4C1B3B7A24001385C1 /* Test_Connection2VC.swift */ = {isa = PBXFileReference; fileEncoding = 4; lastKnownFileType = sourcecode.swift; path = Test_Connection2VC.swift; sourceTree = "<group>"; };
		CB0EB6731B39ECBC000851A7 /* MenteeAdditionalInfoViewController.swift */ = {isa = PBXFileReference; fileEncoding = 4; lastKnownFileType = sourcecode.swift; path = MenteeAdditionalInfoViewController.swift; sourceTree = "<group>"; };
		CB0EB6741B39ECBC000851A7 /* MenteeMentorSearchViewController.swift */ = {isa = PBXFileReference; fileEncoding = 4; lastKnownFileType = sourcecode.swift; path = MenteeMentorSearchViewController.swift; sourceTree = "<group>"; };
		CB0EB6751B39ECBC000851A7 /* MenteeSignUpTableViewCell.swift */ = {isa = PBXFileReference; fileEncoding = 4; lastKnownFileType = sourcecode.swift; path = MenteeSignUpTableViewCell.swift; sourceTree = "<group>"; };
		CB0EB6761B39ECBC000851A7 /* MenteeSignUpTableViewController.swift */ = {isa = PBXFileReference; fileEncoding = 4; lastKnownFileType = sourcecode.swift; path = MenteeSignUpTableViewController.swift; sourceTree = "<group>"; };
		CB0EE3FE1B46E0FD00CDF664 /* QuartzCore.framework */ = {isa = PBXFileReference; lastKnownFileType = wrapper.framework; name = QuartzCore.framework; path = System/Library/Frameworks/QuartzCore.framework; sourceTree = SDKROOT; };
		CB0EE4011B46E13B00CDF664 /* QuartzCore.framework */ = {isa = PBXFileReference; lastKnownFileType = wrapper.framework; name = QuartzCore.framework; path = System/Library/Frameworks/QuartzCore.framework; sourceTree = SDKROOT; };
		CB0EE4021B46E13B00CDF664 /* Foundation.framework */ = {isa = PBXFileReference; lastKnownFileType = wrapper.framework; name = Foundation.framework; path = System/Library/Frameworks/Foundation.framework; sourceTree = SDKROOT; };
		CB0EE4031B46E13B00CDF664 /* CoreGraphics.framework */ = {isa = PBXFileReference; lastKnownFileType = wrapper.framework; name = CoreGraphics.framework; path = System/Library/Frameworks/CoreGraphics.framework; sourceTree = SDKROOT; };
		CB0EE4041B46E13B00CDF664 /* UIKit.framework */ = {isa = PBXFileReference; lastKnownFileType = wrapper.framework; name = UIKit.framework; path = System/Library/Frameworks/UIKit.framework; sourceTree = SDKROOT; };
		CB0EE4051B46E13B00CDF664 /* XCTest.framework */ = {isa = PBXFileReference; lastKnownFileType = wrapper.framework; name = XCTest.framework; path = Library/Frameworks/XCTest.framework; sourceTree = DEVELOPER_DIR; };
		CB64B43C1B47269500F37A7B /* FirstPageVC.swift */ = {isa = PBXFileReference; fileEncoding = 4; lastKnownFileType = sourcecode.swift; path = FirstPageVC.swift; sourceTree = "<group>"; };
		CB6DA4981B46E2F900E6E4EE /* Mentormee_ver2.0-Bridging-Header.h */ = {isa = PBXFileReference; lastKnownFileType = sourcecode.c.h; path = "Mentormee_ver2.0-Bridging-Header.h"; sourceTree = "<group>"; };
		CBF1EC031B3B33A600EC6C0F /* Test_ConnectionVC.swift */ = {isa = PBXFileReference; fileEncoding = 4; lastKnownFileType = sourcecode.swift; path = Test_ConnectionVC.swift; sourceTree = "<group>"; };
		E162BD551B28A51900968EE0 /* Mentormee_ver2.0.app */ = {isa = PBXFileReference; explicitFileType = wrapper.application; includeInIndex = 0; path = Mentormee_ver2.0.app; sourceTree = BUILT_PRODUCTS_DIR; };
		E162BD591B28A51900968EE0 /* Info.plist */ = {isa = PBXFileReference; lastKnownFileType = text.plist.xml; path = Info.plist; sourceTree = "<group>"; };
		E162BD5A1B28A51900968EE0 /* AppDelegate.swift */ = {isa = PBXFileReference; lastKnownFileType = sourcecode.swift; path = AppDelegate.swift; sourceTree = "<group>"; };
		E162BD5F1B28A51900968EE0 /* Base */ = {isa = PBXFileReference; lastKnownFileType = file.storyboard; name = Base; path = Base.lproj/Main.storyboard; sourceTree = "<group>"; };
		E162BD611B28A51900968EE0 /* Images.xcassets */ = {isa = PBXFileReference; lastKnownFileType = folder.assetcatalog; path = Images.xcassets; sourceTree = "<group>"; };
		E162BD641B28A51900968EE0 /* Base */ = {isa = PBXFileReference; lastKnownFileType = file.xib; name = Base; path = Base.lproj/LaunchScreen.xib; sourceTree = "<group>"; };
		E162BD6A1B28A51900968EE0 /* Mentormee_ver2.0Tests.xctest */ = {isa = PBXFileReference; explicitFileType = wrapper.cfbundle; includeInIndex = 0; path = Mentormee_ver2.0Tests.xctest; sourceTree = BUILT_PRODUCTS_DIR; };
		E162BD6F1B28A51900968EE0 /* Info.plist */ = {isa = PBXFileReference; lastKnownFileType = text.plist.xml; path = Info.plist; sourceTree = "<group>"; };
		E162BD701B28A51900968EE0 /* Mentormee_ver2_0Tests.swift */ = {isa = PBXFileReference; lastKnownFileType = sourcecode.swift; path = Mentormee_ver2_0Tests.swift; sourceTree = "<group>"; };
		E162BD7A1B28A59600968EE0 /* HomeScreenVC.swift */ = {isa = PBXFileReference; fileEncoding = 4; lastKnownFileType = sourcecode.swift; name = HomeScreenVC.swift; path = ../HomeScreenVC.swift; sourceTree = "<group>"; };
		E162BD7C1B28A9E300968EE0 /* LoginVC.swift */ = {isa = PBXFileReference; fileEncoding = 4; lastKnownFileType = sourcecode.swift; path = LoginVC.swift; sourceTree = "<group>"; };
		E162BD841B2A2C2300968EE0 /* UpdateProfileVC.swift */ = {isa = PBXFileReference; fileEncoding = 4; lastKnownFileType = sourcecode.swift; path = UpdateProfileVC.swift; sourceTree = "<group>"; };
		E162BD881B2B81D500968EE0 /* DetailUpdateTVC.swift */ = {isa = PBXFileReference; fileEncoding = 4; lastKnownFileType = sourcecode.swift; name = DetailUpdateTVC.swift; path = ../DetailUpdateTVC.swift; sourceTree = "<group>"; };
		E162BD8A1B2B908400968EE0 /* StaticTablesVC.swift */ = {isa = PBXFileReference; fileEncoding = 4; lastKnownFileType = sourcecode.swift; path = StaticTablesVC.swift; sourceTree = "<group>"; };
		E162BD8C1B2CC7E200968EE0 /* NamePictureVC.swift */ = {isa = PBXFileReference; fileEncoding = 4; lastKnownFileType = sourcecode.swift; path = NamePictureVC.swift; sourceTree = "<group>"; };
		E162BD901B309BD300968EE0 /* PublicProfileVC.swift */ = {isa = PBXFileReference; fileEncoding = 4; lastKnownFileType = sourcecode.swift; path = PublicProfileVC.swift; sourceTree = "<group>"; };
		E162BD921B30C03500968EE0 /* MenteeViewVC.swift */ = {isa = PBXFileReference; fileEncoding = 4; lastKnownFileType = sourcecode.swift; path = MenteeViewVC.swift; sourceTree = "<group>"; };
		E1E1D4E71B4AF3E300C9D010 /* MentorUserDataSearchController.swift */ = {isa = PBXFileReference; fileEncoding = 4; lastKnownFileType = sourcecode.swift; path = MentorUserDataSearchController.swift; sourceTree = "<group>"; };
/* End PBXFileReference section */

/* Begin PBXFrameworksBuildPhase section */
		E162BD521B28A51900968EE0 /* Frameworks */ = {
			isa = PBXFrameworksBuildPhase;
			buildActionMask = 2147483647;
			files = (
			);
			runOnlyForDeploymentPostprocessing = 0;
		};
		E162BD671B28A51900968EE0 /* Frameworks */ = {
			isa = PBXFrameworksBuildPhase;
			buildActionMask = 2147483647;
			files = (
				CB0EE4081B46E13B00CDF664 /* CoreGraphics.framework in Frameworks */,
				CB0EE40A1B46E13B00CDF664 /* XCTest.framework in Frameworks */,
				CB0EE4061B46E13B00CDF664 /* QuartzCore.framework in Frameworks */,
				CB0EE4071B46E13B00CDF664 /* Foundation.framework in Frameworks */,
				CB0EE3FF1B46E0FD00CDF664 /* QuartzCore.framework in Frameworks */,
				CB0EE4091B46E13B00CDF664 /* UIKit.framework in Frameworks */,
			);
			runOnlyForDeploymentPostprocessing = 0;
		};
/* End PBXFrameworksBuildPhase section */

/* Begin PBXGroup section */
		CB0EE4001B46E10600CDF664 /* Framework */ = {
			isa = PBXGroup;
			children = (
				CB0EE4011B46E13B00CDF664 /* QuartzCore.framework */,
				CB0EE4021B46E13B00CDF664 /* Foundation.framework */,
				CB0EE4031B46E13B00CDF664 /* CoreGraphics.framework */,
				CB0EE4041B46E13B00CDF664 /* UIKit.framework */,
				CB0EE4051B46E13B00CDF664 /* XCTest.framework */,
				CB0EE3FE1B46E0FD00CDF664 /* QuartzCore.framework */,
			);
			name = Framework;
			path = Mentormee_ver2.0Tests;
			sourceTree = "<group>";
		};
		E162BD4C1B28A51900968EE0 = {
			isa = PBXGroup;
			children = (
				E162BD571B28A51900968EE0 /* Mentormee_ver2.0 */,
				E162BD6D1B28A51900968EE0 /* Mentormee_ver2.0Tests */,
				CB0EE4001B46E10600CDF664 /* Framework */,
				E162BD561B28A51900968EE0 /* Products */,
			);
			sourceTree = "<group>";
		};
		E162BD561B28A51900968EE0 /* Products */ = {
			isa = PBXGroup;
			children = (
				E162BD551B28A51900968EE0 /* Mentormee_ver2.0.app */,
				E162BD6A1B28A51900968EE0 /* Mentormee_ver2.0Tests.xctest */,
			);
			name = Products;
			sourceTree = "<group>";
		};
		E162BD571B28A51900968EE0 /* Mentormee_ver2.0 */ = {
			isa = PBXGroup;
			children = (
				CB0EB6731B39ECBC000851A7 /* MenteeAdditionalInfoViewController.swift */,
				CB0EB6741B39ECBC000851A7 /* MenteeMentorSearchViewController.swift */,
				E1E1D4E71B4AF3E300C9D010 /* MentorUserDataSearchController.swift */,
				CB0EB6751B39ECBC000851A7 /* MenteeSignUpTableViewCell.swift */,
				CB0EB6761B39ECBC000851A7 /* MenteeSignUpTableViewController.swift */,
				E162BD921B30C03500968EE0 /* MenteeViewVC.swift */,
				E162BD901B309BD300968EE0 /* PublicProfileVC.swift */,
				E162BD8C1B2CC7E200968EE0 /* NamePictureVC.swift */,
				E162BD8A1B2B908400968EE0 /* StaticTablesVC.swift */,
				CBF1EC031B3B33A600EC6C0F /* Test_ConnectionVC.swift */,
				CB075A4C1B3B7A24001385C1 /* Test_Connection2VC.swift */,
				E162BD881B2B81D500968EE0 /* DetailUpdateTVC.swift */,
				E162BD841B2A2C2300968EE0 /* UpdateProfileVC.swift */,
				E162BD7A1B28A59600968EE0 /* HomeScreenVC.swift */,
				E162BD7C1B28A9E300968EE0 /* LoginVC.swift */,
				E162BD5E1B28A51900968EE0 /* Main.storyboard */,
				CB64B43C1B47269500F37A7B /* FirstPageVC.swift */,
				E162BD611B28A51900968EE0 /* Images.xcassets */,
				E162BD631B28A51900968EE0 /* LaunchScreen.xib */,
				E162BD581B28A51900968EE0 /* Supporting Files */,
				CB6DA4981B46E2F900E6E4EE /* Mentormee_ver2.0-Bridging-Header.h */,
			);
			path = Mentormee_ver2.0;
			sourceTree = "<group>";
		};
		E162BD581B28A51900968EE0 /* Supporting Files */ = {
			isa = PBXGroup;
			children = (
				E162BD5A1B28A51900968EE0 /* AppDelegate.swift */,
				E162BD591B28A51900968EE0 /* Info.plist */,
			);
			name = "Supporting Files";
			sourceTree = "<group>";
		};
		E162BD6D1B28A51900968EE0 /* Mentormee_ver2.0Tests */ = {
			isa = PBXGroup;
			children = (
				E162BD701B28A51900968EE0 /* Mentormee_ver2_0Tests.swift */,
				E162BD6E1B28A51900968EE0 /* Supporting Files */,
			);
			path = Mentormee_ver2.0Tests;
			sourceTree = "<group>";
		};
		E162BD6E1B28A51900968EE0 /* Supporting Files */ = {
			isa = PBXGroup;
			children = (
				E162BD6F1B28A51900968EE0 /* Info.plist */,
			);
			name = "Supporting Files";
			sourceTree = "<group>";
		};
/* End PBXGroup section */

/* Begin PBXNativeTarget section */
		E162BD541B28A51900968EE0 /* Mentormee_ver2.0 */ = {
			isa = PBXNativeTarget;
			buildConfigurationList = E162BD741B28A51900968EE0 /* Build configuration list for PBXNativeTarget "Mentormee_ver2.0" */;
			buildPhases = (
				E162BD511B28A51900968EE0 /* Sources */,
				E162BD521B28A51900968EE0 /* Frameworks */,
				E162BD531B28A51900968EE0 /* Resources */,
			);
			buildRules = (
			);
			dependencies = (
			);
			name = Mentormee_ver2.0;
			productName = Mentormee_ver2.0;
			productReference = E162BD551B28A51900968EE0 /* Mentormee_ver2.0.app */;
			productType = "com.apple.product-type.application";
		};
		E162BD691B28A51900968EE0 /* Mentormee_ver2.0Tests */ = {
			isa = PBXNativeTarget;
			buildConfigurationList = E162BD771B28A51900968EE0 /* Build configuration list for PBXNativeTarget "Mentormee_ver2.0Tests" */;
			buildPhases = (
				E162BD661B28A51900968EE0 /* Sources */,
				E162BD671B28A51900968EE0 /* Frameworks */,
				E162BD681B28A51900968EE0 /* Resources */,
			);
			buildRules = (
			);
			dependencies = (
				E162BD6C1B28A51900968EE0 /* PBXTargetDependency */,
			);
			name = Mentormee_ver2.0Tests;
			productName = Mentormee_ver2.0Tests;
			productReference = E162BD6A1B28A51900968EE0 /* Mentormee_ver2.0Tests.xctest */;
			productType = "com.apple.product-type.bundle.unit-test";
		};
/* End PBXNativeTarget section */

/* Begin PBXProject section */
		E162BD4D1B28A51900968EE0 /* Project object */ = {
			isa = PBXProject;
			attributes = {
				LastUpgradeCheck = 0630;
				ORGANIZATIONNAME = "Robert D'Ippolito";
				TargetAttributes = {
					E162BD541B28A51900968EE0 = {
						CreatedOnToolsVersion = 6.3.2;
					};
					E162BD691B28A51900968EE0 = {
						CreatedOnToolsVersion = 6.3.2;
						TestTargetID = E162BD541B28A51900968EE0;
					};
				};
			};
			buildConfigurationList = E162BD501B28A51900968EE0 /* Build configuration list for PBXProject "Mentormee_ver2.0" */;
			compatibilityVersion = "Xcode 3.2";
			developmentRegion = English;
			hasScannedForEncodings = 0;
			knownRegions = (
				en,
				Base,
			);
			mainGroup = E162BD4C1B28A51900968EE0;
			productRefGroup = E162BD561B28A51900968EE0 /* Products */;
			projectDirPath = "";
			projectRoot = "";
			targets = (
				E162BD541B28A51900968EE0 /* Mentormee_ver2.0 */,
				E162BD691B28A51900968EE0 /* Mentormee_ver2.0Tests */,
			);
		};
/* End PBXProject section */

/* Begin PBXResourcesBuildPhase section */
		E162BD531B28A51900968EE0 /* Resources */ = {
			isa = PBXResourcesBuildPhase;
			buildActionMask = 2147483647;
			files = (
				E162BD601B28A51900968EE0 /* Main.storyboard in Resources */,
				E162BD651B28A51900968EE0 /* LaunchScreen.xib in Resources */,
				E162BD621B28A51900968EE0 /* Images.xcassets in Resources */,
			);
			runOnlyForDeploymentPostprocessing = 0;
		};
		E162BD681B28A51900968EE0 /* Resources */ = {
			isa = PBXResourcesBuildPhase;
			buildActionMask = 2147483647;
			files = (
			);
			runOnlyForDeploymentPostprocessing = 0;
		};
/* End PBXResourcesBuildPhase section */

/* Begin PBXSourcesBuildPhase section */
		E162BD511B28A51900968EE0 /* Sources */ = {
			isa = PBXSourcesBuildPhase;
			buildActionMask = 2147483647;
			files = (
				CB0EB67A1B39ECBC000851A7 /* MenteeSignUpTableViewController.swift in Sources */,
				CB075A4D1B3B7A24001385C1 /* Test_Connection2VC.swift in Sources */,
				E162BD5B1B28A51900968EE0 /* AppDelegate.swift in Sources */,
				CB0EB6771B39ECBC000851A7 /* MenteeAdditionalInfoViewController.swift in Sources */,
				CBF1EC041B3B33A600EC6C0F /* Test_ConnectionVC.swift in Sources */,
				E1E1D4E81B4AF3E300C9D010 /* MentorUserDataSearchController.swift in Sources */,
				E162BD911B309BD300968EE0 /* PublicProfileVC.swift in Sources */,
				E162BD931B30C03500968EE0 /* MenteeViewVC.swift in Sources */,
				E162BD851B2A2C2300968EE0 /* UpdateProfileVC.swift in Sources */,
				E162BD7B1B28A59600968EE0 /* HomeScreenVC.swift in Sources */,
				E162BD8B1B2B908400968EE0 /* StaticTablesVC.swift in Sources */,
				CB64B43D1B47269500F37A7B /* FirstPageVC.swift in Sources */,
				E162BD8D1B2CC7E200968EE0 /* NamePictureVC.swift in Sources */,
				E162BD891B2B81D500968EE0 /* DetailUpdateTVC.swift in Sources */,
				CB0EB6791B39ECBC000851A7 /* MenteeSignUpTableViewCell.swift in Sources */,
				CB0EB6781B39ECBC000851A7 /* MenteeMentorSearchViewController.swift in Sources */,
				E162BD7D1B28A9E300968EE0 /* LoginVC.swift in Sources */,
			);
			runOnlyForDeploymentPostprocessing = 0;
		};
		E162BD661B28A51900968EE0 /* Sources */ = {
			isa = PBXSourcesBuildPhase;
			buildActionMask = 2147483647;
			files = (
				E162BD711B28A51900968EE0 /* Mentormee_ver2_0Tests.swift in Sources */,
			);
			runOnlyForDeploymentPostprocessing = 0;
		};
/* End PBXSourcesBuildPhase section */

/* Begin PBXTargetDependency section */
		E162BD6C1B28A51900968EE0 /* PBXTargetDependency */ = {
			isa = PBXTargetDependency;
			target = E162BD541B28A51900968EE0 /* Mentormee_ver2.0 */;
			targetProxy = E162BD6B1B28A51900968EE0 /* PBXContainerItemProxy */;
		};
/* End PBXTargetDependency section */

/* Begin PBXVariantGroup section */
		E162BD5E1B28A51900968EE0 /* Main.storyboard */ = {
			isa = PBXVariantGroup;
			children = (
				E162BD5F1B28A51900968EE0 /* Base */,
			);
			name = Main.storyboard;
			sourceTree = "<group>";
		};
		E162BD631B28A51900968EE0 /* LaunchScreen.xib */ = {
			isa = PBXVariantGroup;
			children = (
				E162BD641B28A51900968EE0 /* Base */,
			);
			name = LaunchScreen.xib;
			sourceTree = "<group>";
		};
/* End PBXVariantGroup section */

/* Begin XCBuildConfiguration section */
		E162BD721B28A51900968EE0 /* Debug */ = {
			isa = XCBuildConfiguration;
			buildSettings = {
				ALWAYS_SEARCH_USER_PATHS = NO;
				CLANG_CXX_LANGUAGE_STANDARD = "gnu++0x";
				CLANG_CXX_LIBRARY = "libc++";
				CLANG_ENABLE_MODULES = YES;
				CLANG_ENABLE_OBJC_ARC = YES;
				CLANG_WARN_BOOL_CONVERSION = YES;
				CLANG_WARN_CONSTANT_CONVERSION = YES;
				CLANG_WARN_DIRECT_OBJC_ISA_USAGE = YES_ERROR;
				CLANG_WARN_EMPTY_BODY = YES;
				CLANG_WARN_ENUM_CONVERSION = YES;
				CLANG_WARN_INT_CONVERSION = YES;
				CLANG_WARN_OBJC_ROOT_CLASS = YES_ERROR;
				CLANG_WARN_UNREACHABLE_CODE = YES;
				CLANG_WARN__DUPLICATE_METHOD_MATCH = YES;
				"CODE_SIGN_IDENTITY[sdk=iphoneos*]" = "iPhone Developer";
				COPY_PHASE_STRIP = NO;
				DEBUG_INFORMATION_FORMAT = "dwarf-with-dsym";
				ENABLE_STRICT_OBJC_MSGSEND = YES;
				GCC_C_LANGUAGE_STANDARD = gnu99;
				GCC_DYNAMIC_NO_PIC = NO;
				GCC_NO_COMMON_BLOCKS = YES;
				GCC_OPTIMIZATION_LEVEL = 0;
				GCC_PREPROCESSOR_DEFINITIONS = (
					"DEBUG=1",
					"$(inherited)",
				);
				GCC_SYMBOLS_PRIVATE_EXTERN = NO;
				GCC_WARN_64_TO_32_BIT_CONVERSION = YES;
				GCC_WARN_ABOUT_RETURN_TYPE = YES_ERROR;
				GCC_WARN_UNDECLARED_SELECTOR = YES;
				GCC_WARN_UNINITIALIZED_AUTOS = YES_AGGRESSIVE;
				GCC_WARN_UNUSED_FUNCTION = YES;
				GCC_WARN_UNUSED_VARIABLE = YES;
				IPHONEOS_DEPLOYMENT_TARGET = 8.3;
				MTL_ENABLE_DEBUG_INFO = YES;
				ONLY_ACTIVE_ARCH = YES;
				SDKROOT = iphoneos;
				SWIFT_OPTIMIZATION_LEVEL = "-Onone";
			};
			name = Debug;
		};
		E162BD731B28A51900968EE0 /* Release */ = {
			isa = XCBuildConfiguration;
			buildSettings = {
				ALWAYS_SEARCH_USER_PATHS = NO;
				CLANG_CXX_LANGUAGE_STANDARD = "gnu++0x";
				CLANG_CXX_LIBRARY = "libc++";
				CLANG_ENABLE_MODULES = YES;
				CLANG_ENABLE_OBJC_ARC = YES;
				CLANG_WARN_BOOL_CONVERSION = YES;
				CLANG_WARN_CONSTANT_CONVERSION = YES;
				CLANG_WARN_DIRECT_OBJC_ISA_USAGE = YES_ERROR;
				CLANG_WARN_EMPTY_BODY = YES;
				CLANG_WARN_ENUM_CONVERSION = YES;
				CLANG_WARN_INT_CONVERSION = YES;
				CLANG_WARN_OBJC_ROOT_CLASS = YES_ERROR;
				CLANG_WARN_UNREACHABLE_CODE = YES;
				CLANG_WARN__DUPLICATE_METHOD_MATCH = YES;
				"CODE_SIGN_IDENTITY[sdk=iphoneos*]" = "iPhone Developer";
				COPY_PHASE_STRIP = NO;
				DEBUG_INFORMATION_FORMAT = "dwarf-with-dsym";
				ENABLE_NS_ASSERTIONS = NO;
				ENABLE_STRICT_OBJC_MSGSEND = YES;
				GCC_C_LANGUAGE_STANDARD = gnu99;
				GCC_NO_COMMON_BLOCKS = YES;
				GCC_WARN_64_TO_32_BIT_CONVERSION = YES;
				GCC_WARN_ABOUT_RETURN_TYPE = YES_ERROR;
				GCC_WARN_UNDECLARED_SELECTOR = YES;
				GCC_WARN_UNINITIALIZED_AUTOS = YES_AGGRESSIVE;
				GCC_WARN_UNUSED_FUNCTION = YES;
				GCC_WARN_UNUSED_VARIABLE = YES;
				IPHONEOS_DEPLOYMENT_TARGET = 8.3;
				MTL_ENABLE_DEBUG_INFO = NO;
				SDKROOT = iphoneos;
				VALIDATE_PRODUCT = YES;
			};
			name = Release;
		};
		E162BD751B28A51900968EE0 /* Debug */ = {
			isa = XCBuildConfiguration;
			buildSettings = {
				ASSETCATALOG_COMPILER_APPICON_NAME = AppIcon;
				CLANG_ENABLE_MODULES = YES;
				INFOPLIST_FILE = Mentormee_ver2.0/Info.plist;
				LD_RUNPATH_SEARCH_PATHS = "$(inherited) @executable_path/Frameworks";
				PRODUCT_NAME = "$(TARGET_NAME)";
				SWIFT_OBJC_BRIDGING_HEADER = "Mentormee_ver2.0/Mentormee_ver2.0-Bridging-Header.h";
				SWIFT_OPTIMIZATION_LEVEL = "-Onone";
			};
			name = Debug;
		};
		E162BD761B28A51900968EE0 /* Release */ = {
			isa = XCBuildConfiguration;
			buildSettings = {
				ASSETCATALOG_COMPILER_APPICON_NAME = AppIcon;
				CLANG_ENABLE_MODULES = YES;
				INFOPLIST_FILE = Mentormee_ver2.0/Info.plist;
				LD_RUNPATH_SEARCH_PATHS = "$(inherited) @executable_path/Frameworks";
				PRODUCT_NAME = "$(TARGET_NAME)";
				SWIFT_OBJC_BRIDGING_HEADER = "Mentormee_ver2.0/Mentormee_ver2.0-Bridging-Header.h";
			};
			name = Release;
		};
		E162BD781B28A51900968EE0 /* Debug */ = {
			isa = XCBuildConfiguration;
			buildSettings = {
				BUNDLE_LOADER = "$(TEST_HOST)";
				FRAMEWORK_SEARCH_PATHS = (
					"$(SDKROOT)/Developer/Library/Frameworks",
					"$(inherited)",
					"$(DEVELOPER_FRAMEWORKS_DIR)",
				);
				GCC_PREPROCESSOR_DEFINITIONS = (
					"DEBUG=1",
					"$(inherited)",
				);
				INFOPLIST_FILE = Mentormee_ver2.0Tests/Info.plist;
				LD_RUNPATH_SEARCH_PATHS = "$(inherited) @executable_path/Frameworks @loader_path/Frameworks";
				PRODUCT_NAME = "$(TARGET_NAME)";
				TEST_HOST = "$(BUILT_PRODUCTS_DIR)/Mentormee_ver2.0.app/Mentormee_ver2.0";
			};
			name = Debug;
		};
		E162BD791B28A51900968EE0 /* Release */ = {
			isa = XCBuildConfiguration;
			buildSettings = {
				BUNDLE_LOADER = "$(TEST_HOST)";
				FRAMEWORK_SEARCH_PATHS = (
					"$(SDKROOT)/Developer/Library/Frameworks",
					"$(inherited)",
					"$(DEVELOPER_FRAMEWORKS_DIR)",
				);
				INFOPLIST_FILE = Mentormee_ver2.0Tests/Info.plist;
				LD_RUNPATH_SEARCH_PATHS = "$(inherited) @executable_path/Frameworks @loader_path/Frameworks";
				PRODUCT_NAME = "$(TARGET_NAME)";
				TEST_HOST = "$(BUILT_PRODUCTS_DIR)/Mentormee_ver2.0.app/Mentormee_ver2.0";
			};
			name = Release;
		};
/* End XCBuildConfiguration section */

/* Begin XCConfigurationList section */
		E162BD501B28A51900968EE0 /* Build configuration list for PBXProject "Mentormee_ver2.0" */ = {
			isa = XCConfigurationList;
			buildConfigurations = (
				E162BD721B28A51900968EE0 /* Debug */,
				E162BD731B28A51900968EE0 /* Release */,
			);
			defaultConfigurationIsVisible = 0;
			defaultConfigurationName = Release;
		};
		E162BD741B28A51900968EE0 /* Build configuration list for PBXNativeTarget "Mentormee_ver2.0" */ = {
			isa = XCConfigurationList;
			buildConfigurations = (
				E162BD751B28A51900968EE0 /* Debug */,
				E162BD761B28A51900968EE0 /* Release */,
			);
			defaultConfigurationIsVisible = 0;
			defaultConfigurationName = Release;
		};
		E162BD771B28A51900968EE0 /* Build configuration list for PBXNativeTarget "Mentormee_ver2.0Tests" */ = {
			isa = XCConfigurationList;
			buildConfigurations = (
				E162BD781B28A51900968EE0 /* Debug */,
				E162BD791B28A51900968EE0 /* Release */,
			);
			defaultConfigurationIsVisible = 0;
			defaultConfigurationName = Release;
		};
/* End XCConfigurationList section */
	};
	rootObject = E162BD4D1B28A51900968EE0 /* Project object */;
}
